{
    "_readme": [
        "This file locks the dependencies of your project to a known state",
        "Read more about it at https://getcomposer.org/doc/01-basic-usage.md#installing-dependencies",
        "This file is @generated automatically"
    ],
    "content-hash": "6d78b0de36372d5f0918cee575a73089",
    "packages": [
        {
            "name": "geckosystems/wp-pluginframework",
            "version": "0.1",
            "source": {
                "type": "git",
                "url": "https://github.com/bobimicroweber/wp-pluginframework.git",
                "reference": "90c97f4267fb57f82ff36c9d6d096503a50aecfc"
            },
            "dist": {
                "type": "zip",
                "url": "https://api.github.com/repos/bobimicroweber/wp-pluginframework/zipball/90c97f4267fb57f82ff36c9d6d096503a50aecfc",
                "reference": "90c97f4267fb57f82ff36c9d6d096503a50aecfc",
                "shasum": ""
            },
            "type": "library",
            "autoload": {
                "psr-4": {
                    "WP_PluginFramework\\": "src/"
                }
            },
            "notification-url": "https://packagist.org/downloads/",
            "authors": [
                {
                    "name": "Gecko Systems",
                    "email": "info@geckosystems.com"
                }
            ],
            "description": "WordPress Plugin Framework",
            "homepage": "http://geckosystems.com",
            "support": {
                "email": "info@geckosystems.com",
                "issues": "https://github.com/bobimicroweber/wp-pluginframework/issues",
                "source": "https://github.com/bobimicroweber/wp-pluginframework/tree/0.1"
            },
            "time": "2022-03-14T18:28:21+00:00"
        }
    ],
    "packages-dev": [],
    "aliases": [],
    "minimum-stability": "stable",
    "stability-flags": [],
    "prefer-stable": true,
    "prefer-lowest": false,
    "platform": [],
    "platform-dev": [],
    "plugin-api-version": "2.0.0"
}
